Microsoft Visual Studio Solution File, Format Version 10.00
# Visual C++ Express 2008
Project("{8BC9CEB8-8B4A-11D0-8D11-00A0C91BC942}") = "trelib", "trelib.vcproj", "{9E713AC7-DA3C-452D-8DE0-70A262440D5C}"
EndProject
Project("{8BC9CEB8-8B4A-11D0-8D11-00A0C91BC942}") = "treBuild", "..\treBuild\treBuild.vcproj", "{7DA78126-8134-476B-95D1-501C2EA677D5}"
	ProjectSection(ProjectDependencies) = postProject
		{9E713AC7-DA3C-452D-8DE0-70A262440D5C} = {9E713AC7-DA3C-452D-8DE0-70A262440D5C}
	EndProjectSection
EndProject
Project("{8BC9CEB8-8B4A-11D0-8D11-00A0C91BC942}") = "treDump", "..\treDump\treDump.vcproj", "{FE46EAEC-0388-45C1-90D7-A4312145DDA2}"
	ProjectSection(ProjectDependencies) = postProject
		{9E713AC7-DA3C-452D-8DE0-70A262440D5C} = {9E713AC7-DA3C-452D-8DE0-70A262440D5C}
	EndProjectSection
EndProject
Project("{8BC9CEB8-8B4A-11D0-8D11-00A0C91BC942}") = "testArchive", "..\testArchive\testArchive.vcproj", "{1800148E-8F75-4201-A23C-E37FF6898D68}"
	ProjectSection(ProjectDependencies) = postProject
		{9E713AC7-DA3C-452D-8DE0-70A262440D5C} = {9E713AC7-DA3C-452D-8DE0-70A262440D5C}
	EndProjectSection
EndProject
Global
	GlobalSection(SolutionConfigurationPlatforms) = preSolution
		Debug|Win32 = Debug|Win32
		Release|Win32 = Release|Win32
	EndGlobalSection
	GlobalSection(ProjectConfigurationPlatforms) = postSolution
		{9E713AC7-DA3C-452D-8DE0-70A262440D5C}.Debug|Win32.ActiveCfg = Debug|Win32
		{9E713AC7-DA3C-452D-8DE0-70A262440D5C}.Debug|Win32.Build.0 = Debug|Win32
		{9E713AC7-DA3C-452D-8DE0-70A262440D5C}.Release|Win32.ActiveCfg = Release|Win32
		{9E713AC7-DA3C-452D-8DE0-70A262440D5C}.Release|Win32.Build.0 = Release|Win32
		{7DA78126-8134-476B-95D1-501C2EA677D5}.Debug|Win32.ActiveCfg = Debug|Win32
		{7DA78126-8134-476B-95D1-501C2EA677D5}.Debug|Win32.Build.0 = Debug|Win32
		{7DA78126-8134-476B-95D1-501C2EA677D5}.Release|Win32.ActiveCfg = Release|Win32
		{7DA78126-8134-476B-95D1-501C2EA677D5}.Release|Win32.Build.0 = Release|Win32
		{FE46EAEC-0388-45C1-90D7-A4312145DDA2}.Debug|Win32.ActiveCfg = Debug|Win32
		{FE46EAEC-0388-45C1-90D7-A4312145DDA2}.Debug|Win32.Build.0 = Debug|Win32
		{FE46EAEC-0388-45C1-90D7-A4312145DDA2}.Release|Win32.ActiveCfg = Release|Win32
		{FE46EAEC-0388-45C1-90D7-A4312145DDA2}.Release|Win32.Build.0 = Release|Win32
		{1800148E-8F75-4201-A23C-E37FF6898D68}.Debug|Win32.ActiveCfg = Debug|Win32
		{1800148E-8F75-4201-A23C-E37FF6898D68}.Debug|Win32.Build.0 = Debug|Win32
		{1800148E-8F75-4201-A23C-E37FF6898D68}.Release|Win32.ActiveCfg = Release|Win32
		{1800148E-8F75-4201-A23C-E37FF6898D68}.Release|Win32.Build.0 = Release|Win32
	EndGlobalSection
	GlobalSection(SolutionProperties) = preSolution
		HideSolutionNode = FALSE
	EndGlobalSection
EndGlobal
