
Microsoft Visual Studio Solution File, Format Version 10.00
# Visual C++ Express 2008
Project("{8BC9CEB8-8B4A-11D0-8D11-00A0C91BC942}") = "testArchive", "testArchive.vcproj", "{1800148E-8F75-4201-A23C-E37FF6898D68}"
EndProject
Global
	GlobalSection(SolutionConfigurationPlatforms) = preSolution
		Debug|Win32 = Debug|Win32
		Release|Win32 = Release|Win32
	EndGlobalSection
	GlobalSection(ProjectConfigurationPlatforms) = postSolution
		{1800148E-8F75-4201-A23C-E37FF6898D68}.Debug|Win32.ActiveCfg = Debug|Win32
		{1800148E-8F75-4201-A23C-E37FF6898D68}.Debug|Win32.Build.0 = Debug|Win32
		{1800148E-8F75-4201-A23C-E37FF6898D68}.Release|Win32.ActiveCfg = Release|Win32
		{1800148E-8F75-4201-A23C-E37FF6898D68}.Release|Win32.Build.0 = Release|Win32
	EndGlobalSection
	GlobalSection(SolutionProperties) = preSolution
		HideSolutionNode = FALSE
	EndGlobalSection
EndGlobal
